// !$*UTF8*$!
{
	archiveVersion = 1;
	classes = {
	};
	objectVersion = 48;
	objects = {

/* Begin PBXBuildFile section */
		A9037ED21FBAC09C00D75F46 /* AppDelegate.swift in Sources */ = {isa = PBXBuildFile; fileRef = A9037ED11FBAC09C00D75F46 /* AppDelegate.swift */; };
		A9037ED41FBAC09C00D75F46 /* GameScene.sks in Resources */ = {isa = PBXBuildFile; fileRef = A9037ED31FBAC09C00D75F46 /* GameScene.sks */; };
		A9037ED61FBAC09C00D75F46 /* Actions.sks in Resources */ = {isa = PBXBuildFile; fileRef = A9037ED51FBAC09C00D75F46 /* Actions.sks */; };
		A9037ED81FBAC09C00D75F46 /* GameScene.swift in Sources */ = {isa = PBXBuildFile; fileRef = A9037ED71FBAC09C00D75F46 /* GameScene.swift */; };
		A9037EDA1FBAC09C00D75F46 /* GameViewController.swift in Sources */ = {isa = PBXBuildFile; fileRef = A9037ED91FBAC09C00D75F46 /* GameViewController.swift */; };
		A9037EDD1FBAC09C00D75F46 /* Main.storyboard in Resources */ = {isa = PBXBuildFile; fileRef = A9037EDB1FBAC09C00D75F46 /* Main.storyboard */; };
		A9037EDF1FBAC09C00D75F46 /* Assets.xcassets in Resources */ = {isa = PBXBuildFile; fileRef = A9037EDE1FBAC09C00D75F46 /* Assets.xcassets */; };
		A9037EE21FBAC09C00D75F46 /* LaunchScreen.storyboard in Resources */ = {isa = PBXBuildFile; fileRef = A9037EE01FBAC09C00D75F46 /* LaunchScreen.storyboard */; };
		A9037EED1FBAC09D00D75F46 /* TimeIshTests.swift in Sources */ = {isa = PBXBuildFile; fileRef = A9037EEC1FBAC09D00D75F46 /* TimeIshTests.swift */; };
		A9037EF81FBAC09D00D75F46 /* TimeIshUITests.swift in Sources */ = {isa = PBXBuildFile; fileRef = A9037EF71FBAC09D00D75F46 /* TimeIshUITests.swift */; };
/* End PBXBuildFile section */

/* Begin PBXContainerItemProxy section */
		A9037EE91FBAC09D00D75F46 /* PBXContainerItemProxy */ = {
			isa = PBXContainerItemProxy;
			containerPortal = A9037EC61FBAC09C00D75F46 /* Project object */;
			proxyType = 1;
			remoteGlobalIDString = A9037ECD1FBAC09C00D75F46;
			remoteInfo = TimeIsh;
		};
		A9037EF41FBAC09D00D75F46 /* PBXContainerItemProxy */ = {
			isa = PBXContainerItemProxy;
			containerPortal = A9037EC61FBAC09C00D75F46 /* Project object */;
			proxyType = 1;
			remoteGlobalIDString = A9037ECD1FBAC09C00D75F46;
			remoteInfo = TimeIsh;
		};
/* End PBXContainerItemProxy section */

/* Begin PBXFileReference section */
		A9037ECE1FBAC09C00D75F46 /* TimeIsh.app */ = {isa = PBXFileReference; explicitFileType = wrapper.application; includeInIndex = 0; path = TimeIsh.app; sourceTree = BUILT_PRODUCTS_DIR; };
		A9037ED11FBAC09C00D75F46 /* AppDelegate.swift */ = {isa = PBXFileReference; lastKnownFileType = sourcecode.swift; path = AppDelegate.swift; sourceTree = "<group>"; };
		A9037ED31FBAC09C00D75F46 /* GameScene.sks */ = {isa = PBXFileReference; lastKnownFileType = file.sks; path = GameScene.sks; sourceTree = "<group>"; };
		A9037ED51FBAC09C00D75F46 /* Actions.sks */ = {isa = PBXFileReference; lastKnownFileType = file.sks; path = Actions.sks; sourceTree = "<group>"; };
		A9037ED71FBAC09C00D75F46 /* GameScene.swift */ = {isa = PBXFileReference; lastKnownFileType = sourcecode.swift; path = GameScene.swift; sourceTree = "<group>"; };
		A9037ED91FBAC09C00D75F46 /* GameViewController.swift */ = {isa = PBXFileReference; lastKnownFileType = sourcecode.swift; path = GameViewController.swift; sourceTree = "<group>"; };
		A9037EDC1FBAC09C00D75F46 /* Base */ = {isa = PBXFileReference; lastKnownFileType = file.storyboard; name = Base; path = Base.lproj/Main.storyboard; sourceTree = "<group>"; };
		A9037EDE1FBAC09C00D75F46 /* Assets.xcassets */ = {isa = PBXFileReference; lastKnownFileType = folder.assetcatalog; path = Assets.xcassets; sourceTree = "<group>"; };
		A9037EE11FBAC09C00D75F46 /* Base */ = {isa = PBXFileReference; lastKnownFileType = file.storyboard; name = Base; path = Base.lproj/LaunchScreen.storyboard; sourceTree = "<group>"; };
		A9037EE31FBAC09C00D75F46 /* Info.plist */ = {isa = PBXFileReference; lastKnownFileType = text.plist.xml; path = Info.plist; sourceTree = "<group>"; };
		A9037EE81FBAC09D00D75F46 /* TimeIshTests.xctest */ = {isa = PBXFileReference; explicitFileType = wrapper.cfbundle; includeInIndex = 0; path = TimeIshTests.xctest; sourceTree = BUILT_PRODUCTS_DIR; };
		A9037EEC1FBAC09D00D75F46 /* TimeIshTests.swift */ = {isa = PBXFileReference; lastKnownFileType = sourcecode.swift; path = TimeIshTests.swift; sourceTree = "<group>"; };
		A9037EEE1FBAC09D00D75F46 /* Info.plist */ = {isa = PBXFileReference; lastKnownFileType = text.plist.xml; path = Info.plist; sourceTree = "<group>"; };
		A9037EF31FBAC09D00D75F46 /* TimeIshUITests.xctest */ = {isa = PBXFileReference; explicitFileType = wrapper.cfbundle; includeInIndex = 0; path = TimeIshUITests.xctest; sourceTree = BUILT_PRODUCTS_DIR; };
		A9037EF71FBAC09D00D75F46 /* TimeIshUITests.swift */ = {isa = PBXFileReference; lastKnownFileType = sourcecode.swift; path = TimeIshUITests.swift; sourceTree = "<group>"; };
		A9037EF91FBAC09D00D75F46 /* Info.plist */ = {isa = PBXFileReference; lastKnownFileType = text.plist.xml; path = Info.plist; sourceTree = "<group>"; };
/* End PBXFileReference section */

/* Begin PBXFrameworksBuildPhase section */
		A9037ECB1FBAC09C00D75F46 /* Frameworks */ = {
			isa = PBXFrameworksBuildPhase;
			buildActionMask = 2147483647;
			files = (
			);
			runOnlyForDeploymentPostprocessing = 0;
		};
		A9037EE51FBAC09D00D75F46 /* Frameworks */ = {
			isa = PBXFrameworksBuildPhase;
			buildActionMask = 2147483647;
			files = (
			);
			runOnlyForDeploymentPostprocessing = 0;
		};
		A9037EF01FBAC09D00D75F46 /* Frameworks */ = {
			isa = PBXFrameworksBuildPhase;
			buildActionMask = 2147483647;
			files = (
			);
			runOnlyForDeploymentPostprocessing = 0;
		};
/* End PBXFrameworksBuildPhase section */

/* Begin PBXGroup section */
		A9037EC51FBAC09C00D75F46 = {
			isa = PBXGroup;
			children = (
				A9037ED01FBAC09C00D75F46 /* TimeIsh */,
				A9037EEB1FBAC09D00D75F46 /* TimeIshTests */,
				A9037EF61FBAC09D00D75F46 /* TimeIshUITests */,
				A9037ECF1FBAC09C00D75F46 /* Products */,
			);
			sourceTree = "<group>";
		};
		A9037ECF1FBAC09C00D75F46 /* Products */ = {
			isa = PBXGroup;
			children = (
				A9037ECE1FBAC09C00D75F46 /* TimeIsh.app */,
				A9037EE81FBAC09D00D75F46 /* TimeIshTests.xctest */,
				A9037EF31FBAC09D00D75F46 /* TimeIshUITests.xctest */,
			);
			name = Products;
			sourceTree = "<group>";
		};
		A9037ED01FBAC09C00D75F46 /* TimeIsh */ = {
			isa = PBXGroup;
			children = (
				A9037ED11FBAC09C00D75F46 /* AppDelegate.swift */,
				A9037ED31FBAC09C00D75F46 /* GameScene.sks */,
				A9037ED51FBAC09C00D75F46 /* Actions.sks */,
				A9037ED71FBAC09C00D75F46 /* GameScene.swift */,
				A9037ED91FBAC09C00D75F46 /* GameViewController.swift */,
				A9037EDB1FBAC09C00D75F46 /* Main.storyboard */,
				A9037EDE1FBAC09C00D75F46 /* Assets.xcassets */,
				A9037EE01FBAC09C00D75F46 /* LaunchScreen.storyboard */,
				A9037EE31FBAC09C00D75F46 /* Info.plist */,
			);
			path = TimeIsh;
			sourceTree = "<group>";
		};
		A9037EEB1FBAC09D00D75F46 /* TimeIshTests */ = {
			isa = PBXGroup;
			children = (
				A9037EEC1FBAC09D00D75F46 /* TimeIshTests.swift */,
				A9037EEE1FBAC09D00D75F46 /* Info.plist */,
			);
			path = TimeIshTests;
			sourceTree = "<group>";
		};
		A9037EF61FBAC09D00D75F46 /* TimeIshUITests */ = {
			isa = PBXGroup;
			children = (
				A9037EF71FBAC09D00D75F46 /* TimeIshUITests.swift */,
				A9037EF91FBAC09D00D75F46 /* Info.plist */,
			);
			path = TimeIshUITests;
			sourceTree = "<group>";
		};
/* End PBXGroup section */

/* Begin PBXNativeTarget section */
		A9037ECD1FBAC09C00D75F46 /* TimeIsh */ = {
			isa = PBXNativeTarget;
			buildConfigurationList = A9037EFC1FBAC09D00D75F46 /* Build configuration list for PBXNativeTarget "TimeIsh" */;
			buildPhases = (
				A9037ECA1FBAC09C00D75F46 /* Sources */,
				A9037ECB1FBAC09C00D75F46 /* Frameworks */,
				A9037ECC1FBAC09C00D75F46 /* Resources */,
			);
			buildRules = (
			);
			dependencies = (
			);
			name = TimeIsh;
			productName = TimeIsh;
			productReference = A9037ECE1FBAC09C00D75F46 /* TimeIsh.app */;
			productType = "com.apple.product-type.application";
		};
		A9037EE71FBAC09D00D75F46 /* TimeIshTests */ = {
			isa = PBXNativeTarget;
			buildConfigurationList = A9037EFF1FBAC09D00D75F46 /* Build configuration list for PBXNativeTarget "TimeIshTests" */;
			buildPhases = (
				A9037EE41FBAC09D00D75F46 /* Sources */,
				A9037EE51FBAC09D00D75F46 /* Frameworks */,
				A9037EE61FBAC09D00D75F46 /* Resources */,
			);
			buildRules = (
			);
			dependencies = (
				A9037EEA1FBAC09D00D75F46 /* PBXTargetDependency */,
			);
			name = TimeIshTests;
			productName = TimeIshTests;
			productReference = A9037EE81FBAC09D00D75F46 /* TimeIshTests.xctest */;
			productType = "com.apple.product-type.bundle.unit-test";
		};
		A9037EF21FBAC09D00D75F46 /* TimeIshUITests */ = {
			isa = PBXNativeTarget;
			buildConfigurationList = A9037F021FBAC09D00D75F46 /* Build configuration list for PBXNativeTarget "TimeIshUITests" */;
			buildPhases = (
				A9037EEF1FBAC09D00D75F46 /* Sources */,
				A9037EF01FBAC09D00D75F46 /* Frameworks */,
				A9037EF11FBAC09D00D75F46 /* Resources */,
			);
			buildRules = (
			);
			dependencies = (
				A9037EF51FBAC09D00D75F46 /* PBXTargetDependency */,
			);
			name = TimeIshUITests;
			productName = TimeIshUITests;
			productReference = A9037EF31FBAC09D00D75F46 /* TimeIshUITests.xctest */;
			productType = "com.apple.product-type.bundle.ui-testing";
		};
/* End PBXNativeTarget section */

/* Begin PBXProject section */
		A9037EC61FBAC09C00D75F46 /* Project object */ = {
			isa = PBXProject;
			attributes = {
				LastSwiftUpdateCheck = 0910;
				LastUpgradeCheck = 0910;
				ORGANIZATIONNAME = "Alejandro Ferrero";
				TargetAttributes = {
					A9037ECD1FBAC09C00D75F46 = {
						CreatedOnToolsVersion = 9.1;
						ProvisioningStyle = Automatic;
					};
					A9037EE71FBAC09D00D75F46 = {
						CreatedOnToolsVersion = 9.1;
						ProvisioningStyle = Automatic;
						TestTargetID = A9037ECD1FBAC09C00D75F46;
					};
					A9037EF21FBAC09D00D75F46 = {
						CreatedOnToolsVersion = 9.1;
						ProvisioningStyle = Automatic;
						TestTargetID = A9037ECD1FBAC09C00D75F46;
					};
				};
			};
			buildConfigurationList = A9037EC91FBAC09C00D75F46 /* Build configuration list for PBXProject "TimeIsh" */;
			compatibilityVersion = "Xcode 8.0";
			developmentRegion = en;
			hasScannedForEncodings = 0;
			knownRegions = (
				en,
				Base,
			);
			mainGroup = A9037EC51FBAC09C00D75F46;
			productRefGroup = A9037ECF1FBAC09C00D75F46 /* Products */;
			projectDirPath = "";
			projectRoot = "";
			targets = (
				A9037ECD1FBAC09C00D75F46 /* TimeIsh */,
				A9037EE71FBAC09D00D75F46 /* TimeIshTests */,
				A9037EF21FBAC09D00D75F46 /* TimeIshUITests */,
			);
		};
/* End PBXProject section */

/* Begin PBXResourcesBuildPhase section */
		A9037ECC1FBAC09C00D75F46 /* Resources */ = {
			isa = PBXResourcesBuildPhase;
			buildActionMask = 2147483647;
			files = (
				A9037EDD1FBAC09C00D75F46 /* Main.storyboard in Resources */,
				A9037ED41FBAC09C00D75F46 /* GameScene.sks in Resources */,
				A9037EDF1FBAC09C00D75F46 /* Assets.xcassets in Resources */,
				A9037EE21FBAC09C00D75F46 /* LaunchScreen.storyboard in Resources */,
				A9037ED61FBAC09C00D75F46 /* Actions.sks in Resources */,
			);
			runOnlyForDeploymentPostprocessing = 0;
		};
		A9037EE61FBAC09D00D75F46 /* Resources */ = {
			isa = PBXResourcesBuildPhase;
			buildActionMask = 2147483647;
			files = (
			);
			runOnlyForDeploymentPostprocessing = 0;
		};
		A9037EF11FBAC09D00D75F46 /* Resources */ = {
			isa = PBXResourcesBuildPhase;
			buildActionMask = 2147483647;
			files = (
			);
			runOnlyForDeploymentPostprocessing = 0;
		};
/* End PBXResourcesBuildPhase section */

/* Begin PBXSourcesBuildPhase section */
		A9037ECA1FBAC09C00D75F46 /* Sources */ = {
			isa = PBXSourcesBuildPhase;
			buildActionMask = 2147483647;
			files = (
				A9037ED81FBAC09C00D75F46 /* GameScene.swift in Sources */,
				A9037EDA1FBAC09C00D75F46 /* GameViewController.swift in Sources */,
				A9037ED21FBAC09C00D75F46 /* AppDelegate.swift in Sources */,
			);
			runOnlyForDeploymentPostprocessing = 0;
		};
		A9037EE41FBAC09D00D75F46 /* Sources */ = {
			isa = PBXSourcesBuildPhase;
			buildActionMask = 2147483647;
			files = (
				A9037EED1FBAC09D00D75F46 /* TimeIshTests.swift in Sources */,
			);
			runOnlyForDeploymentPostprocessing = 0;
		};
		A9037EEF1FBAC09D00D75F46 /* Sources */ = {
			isa = PBXSourcesBuildPhase;
			buildActionMask = 2147483647;
			files = (
				A9037EF81FBAC09D00D75F46 /* TimeIshUITests.swift in Sources */,
			);
			runOnlyForDeploymentPostprocessing = 0;
		};
/* End PBXSourcesBuildPhase section */

/* Begin PBXTargetDependency section */
		A9037EEA1FBAC09D00D75F46 /* PBXTargetDependency */ = {
			isa = PBXTargetDependency;
			target = A9037ECD1FBAC09C00D75F46 /* TimeIsh */;
			targetProxy = A9037EE91FBAC09D00D75F46 /* PBXContainerItemProxy */;
		};
		A9037EF51FBAC09D00D75F46 /* PBXTargetDependency */ = {
			isa = PBXTargetDependency;
			target = A9037ECD1FBAC09C00D75F46 /* TimeIsh */;
			targetProxy = A9037EF41FBAC09D00D75F46 /* PBXContainerItemProxy */;
		};
/* End PBXTargetDependency section */

/* Begin PBXVariantGroup section */
		A9037EDB1FBAC09C00D75F46 /* Main.storyboard */ = {
			isa = PBXVariantGroup;
			children = (
				A9037EDC1FBAC09C00D75F46 /* Base */,
			);
			name = Main.storyboard;
			sourceTree = "<group>";
		};
		A9037EE01FBAC09C00D75F46 /* LaunchScreen.storyboard */ = {
			isa = PBXVariantGroup;
			children = (
				A9037EE11FBAC09C00D75F46 /* Base */,
			);
			name = LaunchScreen.storyboard;
			sourceTree = "<group>";
		};
/* End PBXVariantGroup section */

/* Begin XCBuildConfiguration section */
		A9037EFA1FBAC09D00D75F46 /* Debug */ = {
			isa = XCBuildConfiguration;
			buildSettings = {
				ALWAYS_SEARCH_USER_PATHS = NO;
				CLANG_ANALYZER_NONNULL = YES;
				CLANG_ANALYZER_NUMBER_OBJECT_CONVERSION = YES_AGGRESSIVE;
				CLANG_CXX_LANGUAGE_STANDARD = "gnu++14";
				CLANG_CXX_LIBRARY = "libc++";
				CLANG_ENABLE_MODULES = YES;
				CLANG_ENABLE_OBJC_ARC = YES;
				CLANG_WARN_BLOCK_CAPTURE_AUTORELEASING = YES;
				CLANG_WARN_BOOL_CONVERSION = YES;
				CLANG_WARN_COMMA = YES;
				CLANG_WARN_CONSTANT_CONVERSION = YES;
				CLANG_WARN_DIRECT_OBJC_ISA_USAGE = YES_ERROR;
				CLANG_WARN_DOCUMENTATION_COMMENTS = YES;
				CLANG_WARN_EMPTY_BODY = YES;
				CLANG_WARN_ENUM_CONVERSION = YES;
				CLANG_WARN_INFINITE_RECURSION = YES;
				CLANG_WARN_INT_CONVERSION = YES;
				CLANG_WARN_NON_LITERAL_NULL_CONVERSION = YES;
				CLANG_WARN_OBJC_LITERAL_CONVERSION = YES;
				CLANG_WARN_OBJC_ROOT_CLASS = YES_ERROR;
				CLANG_WARN_RANGE_LOOP_ANALYSIS = YES;
				CLANG_WARN_STRICT_PROTOTYPES = YES;
				CLANG_WARN_SUSPICIOUS_MOVE = YES;
				CLANG_WARN_UNGUARDED_AVAILABILITY = YES_AGGRESSIVE;
				CLANG_WARN_UNREACHABLE_CODE = YES;
				CLANG_WARN__DUPLICATE_METHOD_MATCH = YES;
				CODE_SIGN_IDENTITY = "iPhone Developer";
				COPY_PHASE_STRIP = NO;
				DEBUG_INFORMATION_FORMAT = dwarf;
				ENABLE_STRICT_OBJC_MSGSEND = YES;
				ENABLE_TESTABILITY = YES;
				GCC_C_LANGUAGE_STANDARD = gnu11;
				GCC_DYNAMIC_NO_PIC = NO;
				GCC_NO_COMMON_BLOCKS = YES;
				GCC_OPTIMIZATION_LEVEL = 0;
				GCC_PREPROCESSOR_DEFINITIONS = (
					"DEBUG=1",
					"$(inherited)",
				);
				GCC_WARN_64_TO_32_BIT_CONVERSION = YES;
				GCC_WARN_ABOUT_RETURN_TYPE = YES_ERROR;
				GCC_WARN_UNDECLARED_SELECTOR = YES;
				GCC_WARN_UNINITIALIZED_AUTOS = YES_AGGRESSIVE;
				GCC_WARN_UNUSED_FUNCTION = YES;
				GCC_WARN_UNUSED_VARIABLE = YES;
				IPHONEOS_DEPLOYMENT_TARGET = 11.1;
				MTL_ENABLE_DEBUG_INFO = YES;
				ONLY_ACTIVE_ARCH = YES;
				SDKROOT = iphoneos;
				SWIFT_ACTIVE_COMPILATION_CONDITIONS = DEBUG;
				SWIFT_OPTIMIZATION_LEVEL = "-Onone";
			};
			name = Debug;
		};
		A9037EFB1FBAC09D00D75F46 /* Release */ = {
			isa = XCBuildConfiguration;
			buildSettings = {
				ALWAYS_SEARCH_USER_PATHS = NO;
				CLANG_ANALYZER_NONNULL = YES;
				CLANG_ANALYZER_NUMBER_OBJECT_CONVERSION = YES_AGGRESSIVE;
				CLANG_CXX_LANGUAGE_STANDARD = "gnu++14";
				CLANG_CXX_LIBRARY = "libc++";
				CLANG_ENABLE_MODULES = YES;
				CLANG_ENABLE_OBJC_ARC = YES;
				CLANG_WARN_BLOCK_CAPTURE_AUTORELEASING = YES;
				CLANG_WARN_BOOL_CONVERSION = YES;
				CLANG_WARN_COMMA = YES;
				CLANG_WARN_CONSTANT_CONVERSION = YES;
				CLANG_WARN_DIRECT_OBJC_ISA_USAGE = YES_ERROR;
				CLANG_WARN_DOCUMENTATION_COMMENTS = YES;
				CLANG_WARN_EMPTY_BODY = YES;
				CLANG_WARN_ENUM_CONVERSION = YES;
				CLANG_WARN_INFINITE_RECURSION = YES;
				CLANG_WARN_INT_CONVERSION = YES;
				CLANG_WARN_NON_LITERAL_NULL_CONVERSION = YES;
				CLANG_WARN_OBJC_LITERAL_CONVERSION = YES;
				CLANG_WARN_OBJC_ROOT_CLASS = YES_ERROR;
				CLANG_WARN_RANGE_LOOP_ANALYSIS = YES;
				CLANG_WARN_STRICT_PROTOTYPES = YES;
				CLANG_WARN_SUSPICIOUS_MOVE = YES;
				CLANG_WARN_UNGUARDED_AVAILABILITY = YES_AGGRESSIVE;
				CLANG_WARN_UNREACHABLE_CODE = YES;
				CLANG_WARN__DUPLICATE_METHOD_MATCH = YES;
				CODE_SIGN_IDENTITY = "iPhone Developer";
				COPY_PHASE_STRIP = NO;
				DEBUG_INFORMATION_FORMAT = "dwarf-with-dsym";
				ENABLE_NS_ASSERTIONS = NO;
				ENABLE_STRICT_OBJC_MSGSEND = YES;
				GCC_C_LANGUAGE_STANDARD = gnu11;
				GCC_NO_COMMON_BLOCKS = YES;
				GCC_WARN_64_TO_32_BIT_CONVERSION = YES;
				GCC_WARN_ABOUT_RETURN_TYPE = YES_ERROR;
				GCC_WARN_UNDECLARED_SELECTOR = YES;
				GCC_WARN_UNINITIALIZED_AUTOS = YES_AGGRESSIVE;
				GCC_WARN_UNUSED_FUNCTION = YES;
				GCC_WARN_UNUSED_VARIABLE = YES;
				IPHONEOS_DEPLOYMENT_TARGET = 11.1;
				MTL_ENABLE_DEBUG_INFO = NO;
				SDKROOT = iphoneos;
				SWIFT_OPTIMIZATION_LEVEL = "-Owholemodule";
				VALIDATE_PRODUCT = YES;
			};
			name = Release;
		};
		A9037EFD1FBAC09D00D75F46 /* Debug */ = {
			isa = XCBuildConfiguration;
			buildSettings = {
				ASSETCATALOG_COMPILER_APPICON_NAME = AppIcon;
				CODE_SIGN_STYLE = Automatic;
				DEVELOPMENT_TEAM = U7MF9Z2ZJF;
				INFOPLIST_FILE = TimeIsh/Info.plist;
				LD_RUNPATH_SEARCH_PATHS = "$(inherited) @executable_path/Frameworks";
				PRODUCT_BUNDLE_IDENTIFIER = AFL.TimeIsh;
				PRODUCT_NAME = "$(TARGET_NAME)";
				SWIFT_VERSION = 4.0;
				TARGETED_DEVICE_FAMILY = "1,2";
			};
			name = Debug;
		};
		A9037EFE1FBAC09D00D75F46 /* Release */ = {
			isa = XCBuildConfiguration;
			buildSettings = {
				ASSETCATALOG_COMPILER_APPICON_NAME = AppIcon;
				CODE_SIGN_STYLE = Automatic;
				DEVELOPMENT_TEAM = U7MF9Z2ZJF;
				INFOPLIST_FILE = TimeIsh/Info.plist;
				LD_RUNPATH_SEARCH_PATHS = "$(inherited) @executable_path/Frameworks";
				PRODUCT_BUNDLE_IDENTIFIER = AFL.TimeIsh;
				PRODUCT_NAME = "$(TARGET_NAME)";
				SWIFT_VERSION = 4.0;
				TARGETED_DEVICE_FAMILY = "1,2";
			};
			name = Release;
		};
		A9037F001FBAC09D00D75F46 /* Debug */ = {
			isa = XCBuildConfiguration;
			buildSettings = {
				ALWAYS_EMBED_SWIFT_STANDARD_LIBRARIES = YES;
				BUNDLE_LOADER = "$(TEST_HOST)";
				CODE_SIGN_STYLE = Automatic;
				DEVELOPMENT_TEAM = U7MF9Z2ZJF;
				INFOPLIST_FILE = TimeIshTests/Info.plist;
				LD_RUNPATH_SEARCH_PATHS = "$(inherited) @executable_path/Frameworks @loader_path/Frameworks";
				PRODUCT_BUNDLE_IDENTIFIER = AFL.TimeIshTests;
				PRODUCT_NAME = "$(TARGET_NAME)";
				SWIFT_VERSION = 4.0;
				TARGETED_DEVICE_FAMILY = "1,2";
				TEST_HOST = "$(BUILT_PRODUCTS_DIR)/TimeIsh.app/TimeIsh";
			};
			name = Debug;
		};
		A9037F011FBAC09D00D75F46 /* Release */ = {
			isa = XCBuildConfiguration;
			buildSettings = {
				ALWAYS_EMBED_SWIFT_STANDARD_LIBRARIES = YES;
				BUNDLE_LOADER = "$(TEST_HOST)";
				CODE_SIGN_STYLE = Automatic;
				DEVELOPMENT_TEAM = U7MF9Z2ZJF;
				INFOPLIST_FILE = TimeIshTests/Info.plist;
				LD_RUNPATH_SEARCH_PATHS = "$(inherited) @executable_path/Frameworks @loader_path/Frameworks";
				PRODUCT_BUNDLE_IDENTIFIER = AFL.TimeIshTests;
				PRODUCT_NAME = "$(TARGET_NAME)";
				SWIFT_VERSION = 4.0;
				TARGETED_DEVICE_FAMILY = "1,2";
				TEST_HOST = "$(BUILT_PRODUCTS_DIR)/TimeIsh.app/TimeIsh";
			};
			name = Release;
		};
		A9037F031FBAC09D00D75F46 /* Debug */ = {
			isa = XCBuildConfiguration;
			buildSettings = {
				ALWAYS_EMBED_SWIFT_STANDARD_LIBRARIES = YES;
				CODE_SIGN_STYLE = Automatic;
				DEVELOPMENT_TEAM = U7MF9Z2ZJF;
				INFOPLIST_FILE = TimeIshUITests/Info.plist;
				LD_RUNPATH_SEARCH_PATHS = "$(inherited) @executable_path/Frameworks @loader_path/Frameworks";
				PRODUCT_BUNDLE_IDENTIFIER = AFL.TimeIshUITests;
				PRODUCT_NAME = "$(TARGET_NAME)";
				SWIFT_VERSION = 4.0;
				TARGETED_DEVICE_FAMILY = "1,2";
				TEST_TARGET_NAME = TimeIsh;
			};
			name = Debug;
		};
		A9037F041FBAC09D00D75F46 /* Release */ = {
			isa = XCBuildConfiguration;
			buildSettings = {
				ALWAYS_EMBED_SWIFT_STANDARD_LIBRARIES = YES;
				CODE_SIGN_STYLE = Automatic;
				DEVELOPMENT_TEAM = U7MF9Z2ZJF;
				INFOPLIST_FILE = TimeIshUITests/Info.plist;
				LD_RUNPATH_SEARCH_PATHS = "$(inherited) @executable_path/Frameworks @loader_path/Frameworks";
				PRODUCT_BUNDLE_IDENTIFIER = AFL.TimeIshUITests;
				PRODUCT_NAME = "$(TARGET_NAME)";
				SWIFT_VERSION = 4.0;
				TARGETED_DEVICE_FAMILY = "1,2";
				TEST_TARGET_NAME = TimeIsh;
			};
			name = Release;
		};
/* End XCBuildConfiguration section */

/* Begin XCConfigurationList section */
		A9037EC91FBAC09C00D75F46 /* Build configuration list for PBXProject "TimeIsh" */ = {
			isa = XCConfigurationList;
			buildConfigurations = (
				A9037EFA1FBAC09D00D75F46 /* Debug */,
				A9037EFB1FBAC09D00D75F46 /* Release */,
			);
			defaultConfigurationIsVisible = 0;
			defaultConfigurationName = Release;
		};
		A9037EFC1FBAC09D00D75F46 /* Build configuration list for PBXNativeTarget "TimeIsh" */ = {
			isa = XCConfigurationList;
			buildConfigurations = (
				A9037EFD1FBAC09D00D75F46 /* Debug */,
				A9037EFE1FBAC09D00D75F46 /* Release */,
			);
			defaultConfigurationIsVisible = 0;
			defaultConfigurationName = Release;
		};
		A9037EFF1FBAC09D00D75F46 /* Build configuration list for PBXNativeTarget "TimeIshTests" */ = {
			isa = XCConfigurationList;
			buildConfigurations = (
				A9037F001FBAC09D00D75F46 /* Debug */,
				A9037F011FBAC09D00D75F46 /* Release */,
			);
			defaultConfigurationIsVisible = 0;
			defaultConfigurationName = Release;
		};
		A9037F021FBAC09D00D75F46 /* Build configuration list for PBXNativeTarget "TimeIshUITests" */ = {
			isa = XCConfigurationList;
			buildConfigurations = (
				A9037F031FBAC09D00D75F46 /* Debug */,
				A9037F041FBAC09D00D75F46 /* Release */,
			);
			defaultConfigurationIsVisible = 0;
			defaultConfigurationName = Release;
		};
/* End XCConfigurationList section */
	};
	rootObject = A9037EC61FBAC09C00D75F46 /* Project object */;
}
